
Microsoft Visual Studio Solution File, Format Version 12.00
# Visual Studio 2013
VisualStudioVersion = 12.0.21005.1
MinimumVisualStudioVersion = 10.0.40219.1
Project("{FAE04EC0-301F-11D3-BF4B-00C04F79EFBC}") = "MvcApplication18", "MvcApplication18\MvcApplication18.csproj", "{012DF11B-9E5C-4A32-A4E5-A539CF6B2EC0}"
EndProject
Global
	GlobalSection(SolutionConfigurationPlatforms) = preSolution
		Debug|Any CPU = Debug|Any CPU
		Release|Any CPU = Release|Any CPU
	EndGlobalSection
	GlobalSection(ProjectConfigurationPlatforms) = postSolution
		{012DF11B-9E5C-4A32-A4E5-A539CF6B2EC0}.Debug|Any CPU.ActiveCfg = Debug|Any CPU
		{012DF11B-9E5C-4A32-A4E5-A539CF6B2EC0}.Debug|Any CPU.Build.0 = Debug|Any CPU
		{012DF11B-9E5C-4A32-A4E5-A539CF6B2EC0}.Release|Any CPU.ActiveCfg = Release|Any CPU
		{012DF11B-9E5C-4A32-A4E5-A539CF6B2EC0}.Release|Any CPU.Build.0 = Release|Any CPU
	EndGlobalSection
	GlobalSection(SolutionProperties) = preSolution
		HideSolutionNode = FALSE
	EndGlobalSection
EndGlobal
